
Microsoft Visual Studio Solution File, Format Version 12.00
# Visual Studio Version 16
VisualStudioVersion = 16.0.31729.503
MinimumVisualStudioVersion = 10.0.40219.1
Project("{FAE04EC0-301F-11D3-BF4B-00C04F79EFBC}") = "DevPlace challenge1F", "DevPlace challenge1F.csproj", "{4CCC7F8F-6C32-4F9E-91AC-2F7F77ECEFF8}"
EndProject
Global
	GlobalSection(SolutionConfigurationPlatforms) = preSolution
		Debug|Any CPU = Debug|Any CPU
		Release|Any CPU = Release|Any CPU
	EndGlobalSection
	GlobalSection(ProjectConfigurationPlatforms) = postSolution
		{4CCC7F8F-6C32-4F9E-91AC-2F7F77ECEFF8}.Debug|Any CPU.ActiveCfg = Debug|Any CPU
		{4CCC7F8F-6C32-4F9E-91AC-2F7F77ECEFF8}.Debug|Any CPU.Build.0 = Debug|Any CPU
		{4CCC7F8F-6C32-4F9E-91AC-2F7F77ECEFF8}.Release|Any CPU.ActiveCfg = Release|Any CPU
		{4CCC7F8F-6C32-4F9E-91AC-2F7F77ECEFF8}.Release|Any CPU.Build.0 = Release|Any CPU
	EndGlobalSection
	GlobalSection(SolutionProperties) = preSolution
		HideSolutionNode = FALSE
	EndGlobalSection
	GlobalSection(ExtensibilityGlobals) = postSolution
		SolutionGuid = {1964C4B9-8994-493B-B00B-3E951E121091}
	EndGlobalSection
EndGlobal
